
Microsoft Visual Studio Solution File, Format Version 12.00
# Visual Studio 15
VisualStudioVersion = 15.0.27703.2035
MinimumVisualStudioVersion = 10.0.40219.1
Project("{FAE04EC0-301F-11D3-BF4B-00C04F79EFBC}") = "BusPoa.Android", "BusPoa\BusPoa.Android\BusPoa.Android.csproj", "{4DF33DE5-9500-4FD3-9D68-70B678A48BB2}"
EndProject
Project("{FAE04EC0-301F-11D3-BF4B-00C04F79EFBC}") = "BusPoa.MobileAppService", "BusPoa\BusPoa.MobileAppService\BusPoa.MobileAppService.csproj", "{18EADA6E-C8F3-437C-B59E-9796847A3CF0}"
EndProject
Project("{FAE04EC0-301F-11D3-BF4B-00C04F79EFBC}") = "BusPoa", "BusPoa\BusPoa\BusPoa.csproj", "{2DD5C930-DDCC-4D8F-AD12-71801DB4F6D6}"
EndProject
Global
	GlobalSection(SolutionConfigurationPlatforms) = preSolution
		Debug|Any CPU = Debug|Any CPU
		Release|Any CPU = Release|Any CPU
	EndGlobalSection
	GlobalSection(ProjectConfigurationPlatforms) = postSolution
		{4DF33DE5-9500-4FD3-9D68-70B678A48BB2}.Debug|Any CPU.ActiveCfg = Debug|Any CPU
		{4DF33DE5-9500-4FD3-9D68-70B678A48BB2}.Debug|Any CPU.Build.0 = Debug|Any CPU
		{4DF33DE5-9500-4FD3-9D68-70B678A48BB2}.Debug|Any CPU.Deploy.0 = Debug|Any CPU
		{4DF33DE5-9500-4FD3-9D68-70B678A48BB2}.Release|Any CPU.ActiveCfg = Release|Any CPU
		{4DF33DE5-9500-4FD3-9D68-70B678A48BB2}.Release|Any CPU.Build.0 = Release|Any CPU
		{4DF33DE5-9500-4FD3-9D68-70B678A48BB2}.Release|Any CPU.Deploy.0 = Release|Any CPU
		{18EADA6E-C8F3-437C-B59E-9796847A3CF0}.Debug|Any CPU.ActiveCfg = Debug|Any CPU
		{18EADA6E-C8F3-437C-B59E-9796847A3CF0}.Debug|Any CPU.Build.0 = Debug|Any CPU
		{18EADA6E-C8F3-437C-B59E-9796847A3CF0}.Release|Any CPU.ActiveCfg = Release|Any CPU
		{18EADA6E-C8F3-437C-B59E-9796847A3CF0}.Release|Any CPU.Build.0 = Release|Any CPU
		{2DD5C930-DDCC-4D8F-AD12-71801DB4F6D6}.Debug|Any CPU.ActiveCfg = Debug|Any CPU
		{2DD5C930-DDCC-4D8F-AD12-71801DB4F6D6}.Debug|Any CPU.Build.0 = Debug|Any CPU
		{2DD5C930-DDCC-4D8F-AD12-71801DB4F6D6}.Release|Any CPU.ActiveCfg = Release|Any CPU
		{2DD5C930-DDCC-4D8F-AD12-71801DB4F6D6}.Release|Any CPU.Build.0 = Release|Any CPU
	EndGlobalSection
	GlobalSection(SolutionProperties) = preSolution
		HideSolutionNode = FALSE
	EndGlobalSection
	GlobalSection(ExtensibilityGlobals) = postSolution
		SolutionGuid = {49C4AEC4-837B-424C-ACB1-E519757574DE}
	EndGlobalSection
EndGlobal
